
Microsoft Visual Studio Solution File, Format Version 12.00
# Visual Studio Version 16
VisualStudioVersion = 16.0.30611.23
MinimumVisualStudioVersion = 10.0.40219.1
Project("{9A19103F-16F7-4668-BE54-9A1E7A4F7556}") = "Labs.FileStorage.Console", "src\Labs.FileStorage.Console\Labs.FileStorage.Console.csproj", "{2B3D2441-0913-4CD5-87D1-A7343A339AEC}"
EndProject
Project("{9A19103F-16F7-4668-BE54-9A1E7A4F7556}") = "Labs.FileStorage.Console.XmlExporterPlugin", "src\Labs.FileStorage.Console.XmlExporterPlugin\Labs.FileStorage.Console.XmlExporterPlugin.csproj", "{3BFF3C02-6D49-4E18-9170-6124DC0F4994}"
EndProject
Project("{9A19103F-16F7-4668-BE54-9A1E7A4F7556}") = "Labs.FileStorage.Console.YamlExporterPlugin", "src\Labs.FileStorage.Console.YamlExporterPlugin\Labs.FileStorage.Console.YamlExporterPlugin.csproj", "{D05C7469-C50D-493F-8685-40E8AB6ADD8B}"
EndProject
Project("{FAE04EC0-301F-11D3-BF4B-00C04F79EFBC}") = "Labs.FileStorage.Console.Domain", "src\Labs.FileStorage.Console.Domain\Labs.FileStorage.Console.Domain.csproj", "{5E1B60E6-3366-4035-B8ED-C27931C89E1E}"
EndProject
Global
	GlobalSection(SolutionConfigurationPlatforms) = preSolution
		Debug|Any CPU = Debug|Any CPU
		Release|Any CPU = Release|Any CPU
	EndGlobalSection
	GlobalSection(ProjectConfigurationPlatforms) = postSolution
		{2B3D2441-0913-4CD5-87D1-A7343A339AEC}.Debug|Any CPU.ActiveCfg = Debug|Any CPU
		{2B3D2441-0913-4CD5-87D1-A7343A339AEC}.Debug|Any CPU.Build.0 = Debug|Any CPU
		{2B3D2441-0913-4CD5-87D1-A7343A339AEC}.Release|Any CPU.ActiveCfg = Release|Any CPU
		{2B3D2441-0913-4CD5-87D1-A7343A339AEC}.Release|Any CPU.Build.0 = Release|Any CPU
		{3BFF3C02-6D49-4E18-9170-6124DC0F4994}.Debug|Any CPU.ActiveCfg = Debug|Any CPU
		{3BFF3C02-6D49-4E18-9170-6124DC0F4994}.Debug|Any CPU.Build.0 = Debug|Any CPU
		{3BFF3C02-6D49-4E18-9170-6124DC0F4994}.Release|Any CPU.ActiveCfg = Release|Any CPU
		{3BFF3C02-6D49-4E18-9170-6124DC0F4994}.Release|Any CPU.Build.0 = Release|Any CPU
		{D05C7469-C50D-493F-8685-40E8AB6ADD8B}.Debug|Any CPU.ActiveCfg = Debug|Any CPU
		{D05C7469-C50D-493F-8685-40E8AB6ADD8B}.Debug|Any CPU.Build.0 = Debug|Any CPU
		{D05C7469-C50D-493F-8685-40E8AB6ADD8B}.Release|Any CPU.ActiveCfg = Release|Any CPU
		{D05C7469-C50D-493F-8685-40E8AB6ADD8B}.Release|Any CPU.Build.0 = Release|Any CPU
		{5E1B60E6-3366-4035-B8ED-C27931C89E1E}.Debug|Any CPU.ActiveCfg = Debug|Any CPU
		{5E1B60E6-3366-4035-B8ED-C27931C89E1E}.Debug|Any CPU.Build.0 = Debug|Any CPU
		{5E1B60E6-3366-4035-B8ED-C27931C89E1E}.Release|Any CPU.ActiveCfg = Release|Any CPU
		{5E1B60E6-3366-4035-B8ED-C27931C89E1E}.Release|Any CPU.Build.0 = Release|Any CPU
	EndGlobalSection
	GlobalSection(SolutionProperties) = preSolution
		HideSolutionNode = FALSE
	EndGlobalSection
	GlobalSection(ExtensibilityGlobals) = postSolution
		SolutionGuid = {2E76E202-806D-47BF-81E1-492429DE8F53}
	EndGlobalSection
EndGlobal
