
Microsoft Visual Studio Solution File, Format Version 12.00
# Visual Studio Version 16
VisualStudioVersion = 16.0.30611.23
MinimumVisualStudioVersion = 10.0.40219.1
Project("{9A19103F-16F7-4668-BE54-9A1E7A4F7556}") = "Labs.FileStorage.Console", "Labs.FileStorage.Console\Labs.FileStorage.Console.csproj", "{2B3D2441-0913-4CD5-87D1-A7343A339AEC}"
EndProject
Global
	GlobalSection(SolutionConfigurationPlatforms) = preSolution
		Debug|Any CPU = Debug|Any CPU
		Release|Any CPU = Release|Any CPU
	EndGlobalSection
	GlobalSection(ProjectConfigurationPlatforms) = postSolution
		{2B3D2441-0913-4CD5-87D1-A7343A339AEC}.Debug|Any CPU.ActiveCfg = Debug|Any CPU
		{2B3D2441-0913-4CD5-87D1-A7343A339AEC}.Debug|Any CPU.Build.0 = Debug|Any CPU
		{2B3D2441-0913-4CD5-87D1-A7343A339AEC}.Release|Any CPU.ActiveCfg = Release|Any CPU
		{2B3D2441-0913-4CD5-87D1-A7343A339AEC}.Release|Any CPU.Build.0 = Release|Any CPU
	EndGlobalSection
	GlobalSection(SolutionProperties) = preSolution
		HideSolutionNode = FALSE
	EndGlobalSection
	GlobalSection(ExtensibilityGlobals) = postSolution
		SolutionGuid = {2E76E202-806D-47BF-81E1-492429DE8F53}
	EndGlobalSection
EndGlobal
